
Microsoft Visual Studio Solution File, Format Version 12.00
# Visual Studio 15
VisualStudioVersion = 15.0.33529.398
MinimumVisualStudioVersion = 10.0.40219.1
Project("{8BC9CEB8-8B4A-11D0-8D11-00A0C91BC942}") = "LinearRegression", "LinearRegression\LinearRegression.vcxproj", "{7A2307CA-036A-4E93-9536-05864968212C}"
EndProject
Global
	GlobalSection(SolutionConfigurationPlatforms) = preSolution
		Debug|x64 = Debug|x64
		Debug|x86 = Debug|x86
		Release|x64 = Release|x64
		Release|x86 = Release|x86
	EndGlobalSection
	GlobalSection(ProjectConfigurationPlatforms) = postSolution
		{7A2307CA-036A-4E93-9536-05864968212C}.Debug|x64.ActiveCfg = Debug|x64
		{7A2307CA-036A-4E93-9536-05864968212C}.Debug|x64.Build.0 = Debug|x64
		{7A2307CA-036A-4E93-9536-05864968212C}.Debug|x86.ActiveCfg = Debug|Win32
		{7A2307CA-036A-4E93-9536-05864968212C}.Debug|x86.Build.0 = Debug|Win32
		{7A2307CA-036A-4E93-9536-05864968212C}.Release|x64.ActiveCfg = Release|x64
		{7A2307CA-036A-4E93-9536-05864968212C}.Release|x64.Build.0 = Release|x64
		{7A2307CA-036A-4E93-9536-05864968212C}.Release|x86.ActiveCfg = Release|Win32
		{7A2307CA-036A-4E93-9536-05864968212C}.Release|x86.Build.0 = Release|Win32
	EndGlobalSection
	GlobalSection(SolutionProperties) = preSolution
		HideSolutionNode = FALSE
	EndGlobalSection
	GlobalSection(ExtensibilityGlobals) = postSolution
		SolutionGuid = {0A5D2EF6-BB9A-4F01-9DC2-7E32E62493BB}
	EndGlobalSection
EndGlobal
